
Microsoft Visual Studio Solution File, Format Version 12.00
# Visual Studio Version 17
VisualStudioVersion = 17.14.37012.4 d17.14
MinimumVisualStudioVersion = 10.0.40219.1
Project("{FAE04EC0-301F-11D3-BF4B-00C04F79EFBC}") = "azureforGitHub", "azureforGitHub\azureforGitHub.csproj", "{94D5AAE2-0066-4097-B84E-B69E89D2AA65}"
EndProject
Global
	GlobalSection(SolutionConfigurationPlatforms) = preSolution
		Debug|Any CPU = Debug|Any CPU
		Release|Any CPU = Release|Any CPU
	EndGlobalSection
	GlobalSection(ProjectConfigurationPlatforms) = postSolution
		{94D5AAE2-0066-4097-B84E-B69E89D2AA65}.Debug|Any CPU.ActiveCfg = Debug|Any CPU
		{94D5AAE2-0066-4097-B84E-B69E89D2AA65}.Debug|Any CPU.Build.0 = Debug|Any CPU
		{94D5AAE2-0066-4097-B84E-B69E89D2AA65}.Release|Any CPU.ActiveCfg = Release|Any CPU
		{94D5AAE2-0066-4097-B84E-B69E89D2AA65}.Release|Any CPU.Build.0 = Release|Any CPU
	EndGlobalSection
	GlobalSection(SolutionProperties) = preSolution
		HideSolutionNode = FALSE
	EndGlobalSection
	GlobalSection(ExtensibilityGlobals) = postSolution
		SolutionGuid = {602C743E-4F83-422F-8E69-44AE5285078B}
	EndGlobalSection
EndGlobal
